
Microsoft Visual Studio Solution File, Format Version 12.00
# Visual Studio Version 17
VisualStudioVersion = 17.3.32825.248
MinimumVisualStudioVersion = 10.0.40219.1
Project("{FAE04EC0-301F-11D3-BF4B-00C04F79EFBC}") = "Pry_TP_IEFI_Franco", "Pry_TP_IEFI_Franco\Pry_TP_IEFI_Franco.csproj", "{5EF893A9-9ED9-40B6-BBF1-66D8A271784E}"
EndProject
Global
	GlobalSection(SolutionConfigurationPlatforms) = preSolution
		Debug|Any CPU = Debug|Any CPU
		Release|Any CPU = Release|Any CPU
	EndGlobalSection
	GlobalSection(ProjectConfigurationPlatforms) = postSolution
		{5EF893A9-9ED9-40B6-BBF1-66D8A271784E}.Debug|Any CPU.ActiveCfg = Debug|Any CPU
		{5EF893A9-9ED9-40B6-BBF1-66D8A271784E}.Debug|Any CPU.Build.0 = Debug|Any CPU
		{5EF893A9-9ED9-40B6-BBF1-66D8A271784E}.Release|Any CPU.ActiveCfg = Release|Any CPU
		{5EF893A9-9ED9-40B6-BBF1-66D8A271784E}.Release|Any CPU.Build.0 = Release|Any CPU
	EndGlobalSection
	GlobalSection(SolutionProperties) = preSolution
		HideSolutionNode = FALSE
	EndGlobalSection
	GlobalSection(ExtensibilityGlobals) = postSolution
		SolutionGuid = {B8FE7FBA-E54F-4DB8-B834-D1EAEA3710C3}
	EndGlobalSection
EndGlobal
